
Microsoft Visual Studio Solution File, Format Version 12.00
# Visual Studio Version 16
VisualStudioVersion = 16.0.29409.12
MinimumVisualStudioVersion = 10.0.40219.1
Project("{FAE04EC0-301F-11D3-BF4B-00C04F79EFBC}") = "Cwiczenie_01_Indeksy_i_Zakresy", "Cwiczenie_01_Indeksy_i_Zakresy\Cwiczenie_01_Indeksy_i_Zakresy.csproj", "{37A45BE3-19D2-43E0-8718-EB23D80B6D3E}"
EndProject
Global
	GlobalSection(SolutionConfigurationPlatforms) = preSolution
		Debug|Any CPU = Debug|Any CPU
		Release|Any CPU = Release|Any CPU
	EndGlobalSection
	GlobalSection(ProjectConfigurationPlatforms) = postSolution
		{37A45BE3-19D2-43E0-8718-EB23D80B6D3E}.Debug|Any CPU.ActiveCfg = Debug|Any CPU
		{37A45BE3-19D2-43E0-8718-EB23D80B6D3E}.Debug|Any CPU.Build.0 = Debug|Any CPU
		{37A45BE3-19D2-43E0-8718-EB23D80B6D3E}.Release|Any CPU.ActiveCfg = Release|Any CPU
		{37A45BE3-19D2-43E0-8718-EB23D80B6D3E}.Release|Any CPU.Build.0 = Release|Any CPU
	EndGlobalSection
	GlobalSection(SolutionProperties) = preSolution
		HideSolutionNode = FALSE
	EndGlobalSection
	GlobalSection(ExtensibilityGlobals) = postSolution
		SolutionGuid = {1956CAC4-8E2C-4473-929D-5F71B7B05E45}
	EndGlobalSection
EndGlobal
